
Microsoft Visual Studio Solution File, Format Version 12.00
# Visual Studio Version 16
VisualStudioVersion = 16.0.29418.71
MinimumVisualStudioVersion = 10.0.40219.1
Project("{FAE04EC0-301F-11D3-BF4B-00C04F79EFBC}") = "WebApplication1", "WebApplication1\WebApplication1.csproj", "{080AE6D1-2610-4564-97A9-80E45418E953}"
EndProject
Global
	GlobalSection(SolutionConfigurationPlatforms) = preSolution
		Debug|Any CPU = Debug|Any CPU
		Release|Any CPU = Release|Any CPU
	EndGlobalSection
	GlobalSection(ProjectConfigurationPlatforms) = postSolution
		{080AE6D1-2610-4564-97A9-80E45418E953}.Debug|Any CPU.ActiveCfg = Debug|Any CPU
		{080AE6D1-2610-4564-97A9-80E45418E953}.Debug|Any CPU.Build.0 = Debug|Any CPU
		{080AE6D1-2610-4564-97A9-80E45418E953}.Release|Any CPU.ActiveCfg = Release|Any CPU
		{080AE6D1-2610-4564-97A9-80E45418E953}.Release|Any CPU.Build.0 = Release|Any CPU
	EndGlobalSection
	GlobalSection(SolutionProperties) = preSolution
		HideSolutionNode = FALSE
	EndGlobalSection
	GlobalSection(ExtensibilityGlobals) = postSolution
		SolutionGuid = {885698C1-5750-40B0-B023-F096F1729487}
	EndGlobalSection
EndGlobal
